{
    "_readme": [
        "This file locks the dependencies of your project to a known state",
        "Read more about it at https://getcomposer.org/doc/01-basic-usage.md#installing-dependencies",
        "This file is @generated automatically"
    ],
    "content-hash": "08043228d2399f9ceb469662db56f9be",
    "packages": [
        {
            "name": "amphp/amp",
            "version": "v2.6.2",
            "source": {
                "type": "git",
                "url": "https://github.com/amphp/amp.git",
                "reference": "9d5100cebffa729aaffecd3ad25dc5aeea4f13bb"
            },
            "dist": {
                "type": "zip",
                "url": "https://api.github.com/repos/amphp/amp/zipball/9d5100cebffa729aaffecd3ad25dc5aeea4f13bb",
                "reference": "9d5100cebffa729aaffecd3ad25dc5aeea4f13bb",
                "shasum": ""
            },
            "require": {
                "php": ">=7.1"
            },
            "require-dev": {
                "amphp/php-cs-fixer-config": "dev-master",
                "amphp/phpunit-util": "^1",
                "ext-json": "*",
                "jetbrains/phpstorm-stubs": "^2019.3",
                "phpunit/phpunit": "^7 | ^8 | ^9",
                "psalm/phar": "^3.11@dev",
                "react/promise": "^2"
            },
            "type": "library",
            "extra": {
                "branch-alias": {
                    "dev-master": "2.x-dev"
                }
            },
            "autoload": {
                "files": [
                    "lib/functions.php",
                    "lib/Internal/functions.php"
                ],
                "psr-4": {
                    "Amp\\": "lib"
                }
            },
            "notification-url": "https://packagist.org/downloads/",
            "license": [
                "MIT"
            ],
            "authors": [
                {
                    "name": "Daniel Lowrey",
                    "email": "rdlowrey@php.net"
                },
                {
                    "name": "Aaron Piotrowski",
                    "email": "aaron@trowski.com"
                },
                {
                    "name": "Bob Weinand",
                    "email": "bobwei9@hotmail.com"
                },
                {
                    "name": "Niklas Keller",
                    "email": "me@kelunik.com"
                }
            ],
            "description": "A non-blocking concurrency framework for PHP applications.",
            "homepage": "https://amphp.org/amp",
            "keywords": [
                "async",
                "asynchronous",
                "awaitable",
                "concurrency",
                "event",
                "event-loop",
                "future",
                "non-blocking",
                "promise"
            ],
            "support": {
                "irc": "irc://irc.freenode.org/amphp",
                "issues": "https://github.com/amphp/amp/issues",
                "source": "https://github.com/amphp/amp/tree/v2.6.2"
            },
            "funding": [
                {
                    "url": "https://github.com/amphp",
                    "type": "github"
                }
            ],
            "time": "2022-02-20T17:52:18+00:00"
        },
        {
            "name": "amphp/react-adapter",
            "version": "v2.1.0",
            "source": {
                "type": "git",
                "url": "https://github.com/amphp/react-adapter.git",
                "reference": "6a2bd361986e3e378471c14f5cfdbb5ee8d97162"
            },
            "dist": {
                "type": "zip",
                "url": "https://api.github.com/repos/amphp/react-adapter/zipball/6a2bd361986e3e378471c14f5cfdbb5ee8d97162",
                "reference": "6a2bd361986e3e378471c14f5cfdbb5ee8d97162",
                "shasum": ""
            },
            "require": {
                "amphp/amp": "^2",
                "react/event-loop": "^0.5 || ^1"
            },
            "require-dev": {
                "amphp/php-cs-fixer-config": "dev-master",
                "phpunit/phpunit": "^7 || ^6.4"
            },
            "type": "library",
            "autoload": {
                "files": [
                    "etc/Factory.php"
                ],
                "psr-4": {
                    "Amp\\ReactAdapter\\": "src"
                }
            },
            "notification-url": "https://packagist.org/downloads/",
            "license": [
                "MIT"
            ],
            "authors": [
                {
                    "name": "Niklas Keller",
                    "email": "me@kelunik.com"
                }
            ],
            "description": "Adapter to make any ReactPHP library compatible with Amp.",
            "support": {
                "irc": "irc://irc.freenode.org/amphp",
                "issues": "https://github.com/amphp/react-adapter/issues",
                "source": "https://github.com/amphp/react-adapter/tree/master"
            },
            "time": "2019-11-04T21:08:18+00:00"
        },
        {
            "name": "react/event-loop",
            "version": "v1.4.0",
            "source": {
                "type": "git",
                "url": "https://github.com/reactphp/event-loop.git",
                "reference": "6e7e587714fff7a83dcc7025aee42ab3b265ae05"
            },
            "dist": {
                "type": "zip",
                "url": "https://api.github.com/repos/reactphp/event-loop/zipball/6e7e587714fff7a83dcc7025aee42ab3b265ae05",
                "reference": "6e7e587714fff7a83dcc7025aee42ab3b265ae05",
                "shasum": ""
            },
            "require": {
                "php": ">=5.3.0"
            },
            "require-dev": {
                "phpunit/phpunit": "^9.6 || ^5.7 || ^4.8.36"
            },
            "suggest": {
                "ext-pcntl": "For signal handling support when using the StreamSelectLoop"
            },
            "type": "library",
            "autoload": {
                "psr-4": {
                    "React\\EventLoop\\": "src/"
                }
            },
            "notification-url": "https://packagist.org/downloads/",
            "license": [
                "MIT"
            ],
            "authors": [
                {
                    "name": "Christian Lück",
                    "email": "christian@clue.engineering",
                    "homepage": "https://clue.engineering/"
                },
                {
                    "name": "Cees-Jan Kiewiet",
                    "email": "reactphp@ceesjankiewiet.nl",
                    "homepage": "https://wyrihaximus.net/"
                },
                {
                    "name": "Jan Sorgalla",
                    "email": "jsorgalla@gmail.com",
                    "homepage": "https://sorgalla.com/"
                },
                {
                    "name": "Chris Boden",
                    "email": "cboden@gmail.com",
                    "homepage": "https://cboden.dev/"
                }
            ],
            "description": "ReactPHP's core reactor event loop that libraries can use for evented I/O.",
            "keywords": [
                "asynchronous",
                "event-loop"
            ],
            "support": {
                "issues": "https://github.com/reactphp/event-loop/issues",
                "source": "https://github.com/reactphp/event-loop/tree/v1.4.0"
            },
            "funding": [
                {
                    "url": "https://opencollective.com/reactphp",
                    "type": "open_collective"
                }
            ],
            "time": "2023-05-05T10:11:24+00:00"
        }
    ],
    "packages-dev": [],
    "aliases": [],
    "minimum-stability": "stable",
    "stability-flags": [],
    "prefer-stable": false,
    "prefer-lowest": false,
    "platform": [],
    "platform-dev": [],
    "plugin-api-version": "2.3.0"
}
